
Microsoft Visual Studio Solution File, Format Version 12.00
# Visual Studio Version 17
VisualStudioVersion = 17.14.36623.8
MinimumVisualStudioVersion = 10.0.40219.1
Project("{FAE04EC0-301F-11D3-BF4B-00C04F79EFBC}") = "Application", "Application\Application.csproj", "{999BDBCA-0F28-4734-86A1-FE4B09C0BA0C}"
EndProject
Project("{FAE04EC0-301F-11D3-BF4B-00C04F79EFBC}") = "Project.Domain.", "Project.Domain\Project.Domain..csproj", "{585A5EB9-CB6C-427A-A431-A94D4FF8D4F9}"
EndProject
Project("{FAE04EC0-301F-11D3-BF4B-00C04F79EFBC}") = "Project.Infrastructure.", "Project.Infrastructure\Project.Infrastructure..csproj", "{77C269B8-CE1F-47EA-A489-82D3124746C1}"
EndProject
Project("{FAE04EC0-301F-11D3-BF4B-00C04F79EFBC}") = "RpaSuite.Presentation.Wpf", "RpaSuite.Presentation.Wpf\RpaSuite.Presentation.Wpf.csproj", "{87853D3C-2F4F-41ED-8064-D44A638DBF6B}"
EndProject
Project("{FAE04EC0-301F-11D3-BF4B-00C04F79EFBC}") = "RpaSuite.Common", "RpaSuite.Common\RpaSuite.Common.csproj", "{4A497EDB-FC30-4A46-8BE7-6702A7F037D1}"
EndProject
Global
	GlobalSection(SolutionConfigurationPlatforms) = preSolution
		Debug|Any CPU = Debug|Any CPU
		Release|Any CPU = Release|Any CPU
	EndGlobalSection
	GlobalSection(ProjectConfigurationPlatforms) = postSolution
		{999BDBCA-0F28-4734-86A1-FE4B09C0BA0C}.Debug|Any CPU.ActiveCfg = Debug|Any CPU
		{999BDBCA-0F28-4734-86A1-FE4B09C0BA0C}.Debug|Any CPU.Build.0 = Debug|Any CPU
		{999BDBCA-0F28-4734-86A1-FE4B09C0BA0C}.Release|Any CPU.ActiveCfg = Release|Any CPU
		{999BDBCA-0F28-4734-86A1-FE4B09C0BA0C}.Release|Any CPU.Build.0 = Release|Any CPU
		{585A5EB9-CB6C-427A-A431-A94D4FF8D4F9}.Debug|Any CPU.ActiveCfg = Debug|Any CPU
		{585A5EB9-CB6C-427A-A431-A94D4FF8D4F9}.Debug|Any CPU.Build.0 = Debug|Any CPU
		{585A5EB9-CB6C-427A-A431-A94D4FF8D4F9}.Release|Any CPU.ActiveCfg = Release|Any CPU
		{585A5EB9-CB6C-427A-A431-A94D4FF8D4F9}.Release|Any CPU.Build.0 = Release|Any CPU
		{77C269B8-CE1F-47EA-A489-82D3124746C1}.Debug|Any CPU.ActiveCfg = Debug|Any CPU
		{77C269B8-CE1F-47EA-A489-82D3124746C1}.Debug|Any CPU.Build.0 = Debug|Any CPU
		{77C269B8-CE1F-47EA-A489-82D3124746C1}.Release|Any CPU.ActiveCfg = Release|Any CPU
		{77C269B8-CE1F-47EA-A489-82D3124746C1}.Release|Any CPU.Build.0 = Release|Any CPU
		{87853D3C-2F4F-41ED-8064-D44A638DBF6B}.Debug|Any CPU.ActiveCfg = Debug|Any CPU
		{87853D3C-2F4F-41ED-8064-D44A638DBF6B}.Debug|Any CPU.Build.0 = Debug|Any CPU
		{87853D3C-2F4F-41ED-8064-D44A638DBF6B}.Release|Any CPU.ActiveCfg = Release|Any CPU
		{87853D3C-2F4F-41ED-8064-D44A638DBF6B}.Release|Any CPU.Build.0 = Release|Any CPU
		{4A497EDB-FC30-4A46-8BE7-6702A7F037D1}.Debug|Any CPU.ActiveCfg = Debug|Any CPU
		{4A497EDB-FC30-4A46-8BE7-6702A7F037D1}.Debug|Any CPU.Build.0 = Debug|Any CPU
		{4A497EDB-FC30-4A46-8BE7-6702A7F037D1}.Release|Any CPU.ActiveCfg = Release|Any CPU
		{4A497EDB-FC30-4A46-8BE7-6702A7F037D1}.Release|Any CPU.Build.0 = Release|Any CPU
	EndGlobalSection
	GlobalSection(SolutionProperties) = preSolution
		HideSolutionNode = FALSE
	EndGlobalSection
	GlobalSection(ExtensibilityGlobals) = postSolution
		SolutionGuid = {F7FB42E2-4F8B-4587-A630-2DC5728220B7}
	EndGlobalSection
EndGlobal
